// !$*UTF8*$!
{
	archiveVersion = 1;
	classes = {
	};
	objectVersion = 46;
	objects = {

/* Begin PBXBuildFile section */
		00616E6050E149A3BF0A2E4F /* libPods.a in Frameworks */ = {isa = PBXBuildFile; fileRef = 196C3A446E244C7A87984E91 /* libPods.a */; };
		ED2451D4171F2E2500965323 /* TimerIcon.icns in Resources */ = {isa = PBXBuildFile; fileRef = ED2451D3171F2E2500965323 /* TimerIcon.icns */; };
		ED2451D6171F348100965323 /* InstaSound.aif in Resources */ = {isa = PBXBuildFile; fileRef = ED2451D5171F348100965323 /* InstaSound.aif */; };
		ED908FF01715537F003804C5 /* Cocoa.framework in Frameworks */ = {isa = PBXBuildFile; fileRef = ED908FEF1715537F003804C5 /* Cocoa.framework */; };
		ED908FFA1715537F003804C5 /* InfoPlist.strings in Resources */ = {isa = PBXBuildFile; fileRef = ED908FF81715537F003804C5 /* InfoPlist.strings */; };
		ED908FFC1715537F003804C5 /* main.m in Sources */ = {isa = PBXBuildFile; fileRef = ED908FFB1715537F003804C5 /* main.m */; };
		ED9090001715537F003804C5 /* Credits.rtf in Resources */ = {isa = PBXBuildFile; fileRef = ED908FFE1715537F003804C5 /* Credits.rtf */; };
		ED9090031715537F003804C5 /* MTAppDelegate.m in Sources */ = {isa = PBXBuildFile; fileRef = ED9090021715537F003804C5 /* MTAppDelegate.m */; };
		ED9090061715537F003804C5 /* MainMenu.xib in Resources */ = {isa = PBXBuildFile; fileRef = ED9090041715537F003804C5 /* MainMenu.xib */; };
		ED9090091715537F003804C5 /* MenuTimer.xcdatamodeld in Sources */ = {isa = PBXBuildFile; fileRef = ED9090071715537F003804C5 /* MenuTimer.xcdatamodeld */; };
		ED90901217155576003804C5 /* MTDraggingView.m in Sources */ = {isa = PBXBuildFile; fileRef = ED90901117155576003804C5 /* MTDraggingView.m */; };
		ED909014171556F2003804C5 /* QuartzCore.framework in Frameworks */ = {isa = PBXBuildFile; fileRef = ED909013171556F2003804C5 /* QuartzCore.framework */; };
		EDA60ED8172D8619005B949C /* MTTransparentPointingRect.m in Sources */ = {isa = PBXBuildFile; fileRef = EDA60ED7172D8619005B949C /* MTTransparentPointingRect.m */; };
		EDA60EDB172D8E33005B949C /* MTFloatingWindow.m in Sources */ = {isa = PBXBuildFile; fileRef = EDA60EDA172D8E33005B949C /* MTFloatingWindow.m */; };
		EDA60EE1172DB342005B949C /* NSView+Animation.m in Sources */ = {isa = PBXBuildFile; fileRef = EDA60EE0172DB342005B949C /* NSView+Animation.m */; };
		EDE6D309172D0C4600790EE7 /* NSString+MTTime.m in Sources */ = {isa = PBXBuildFile; fileRef = EDE6D308172D0C4600790EE7 /* NSString+MTTime.m */; };
		EDE9745E1715783B00D25AA8 /* MTFloatingWindowController.m in Sources */ = {isa = PBXBuildFile; fileRef = EDE9745C1715783B00D25AA8 /* MTFloatingWindowController.m */; };
		EDE9745F1715783B00D25AA8 /* MTFloatingWindowController.xib in Resources */ = {isa = PBXBuildFile; fileRef = EDE9745D1715783B00D25AA8 /* MTFloatingWindowController.xib */; };
/* End PBXBuildFile section */

/* Begin PBXFileReference section */
		196C3A446E244C7A87984E91 /* libPods.a */ = {isa = PBXFileReference; explicitFileType = archive.ar; includeInIndex = 0; path = libPods.a; sourceTree = BUILT_PRODUCTS_DIR; };
		ED2451D3171F2E2500965323 /* TimerIcon.icns */ = {isa = PBXFileReference; lastKnownFileType = image.icns; name = TimerIcon.icns; path = images/TimerIcon.icns; sourceTree = "<group>"; };
		ED2451D5171F348100965323 /* InstaSound.aif */ = {isa = PBXFileReference; lastKnownFileType = file; path = InstaSound.aif; sourceTree = "<group>"; };
		ED908FEC1715537F003804C5 /* MenuTimer.app */ = {isa = PBXFileReference; explicitFileType = wrapper.application; includeInIndex = 0; path = MenuTimer.app; sourceTree = BUILT_PRODUCTS_DIR; };
		ED908FEF1715537F003804C5 /* Cocoa.framework */ = {isa = PBXFileReference; lastKnownFileType = wrapper.framework; name = Cocoa.framework; path = System/Library/Frameworks/Cocoa.framework; sourceTree = SDKROOT; };
		ED908FF21715537F003804C5 /* AppKit.framework */ = {isa = PBXFileReference; lastKnownFileType = wrapper.framework; name = AppKit.framework; path = System/Library/Frameworks/AppKit.framework; sourceTree = SDKROOT; };
		ED908FF31715537F003804C5 /* CoreData.framework */ = {isa = PBXFileReference; lastKnownFileType = wrapper.framework; name = CoreData.framework; path = System/Library/Frameworks/CoreData.framework; sourceTree = SDKROOT; };
		ED908FF41715537F003804C5 /* Foundation.framework */ = {isa = PBXFileReference; lastKnownFileType = wrapper.framework; name = Foundation.framework; path = System/Library/Frameworks/Foundation.framework; sourceTree = SDKROOT; };
		ED908FF71715537F003804C5 /* MenuTimer-Info.plist */ = {isa = PBXFileReference; lastKnownFileType = text.plist.xml; path = "MenuTimer-Info.plist"; sourceTree = "<group>"; };
		ED908FF91715537F003804C5 /* en */ = {isa = PBXFileReference; lastKnownFileType = text.plist.strings; name = en; path = en.lproj/InfoPlist.strings; sourceTree = "<group>"; };
		ED908FFB1715537F003804C5 /* main.m */ = {isa = PBXFileReference; lastKnownFileType = sourcecode.c.objc; path = main.m; sourceTree = "<group>"; };
		ED908FFD1715537F003804C5 /* MenuTimer-Prefix.pch */ = {isa = PBXFileReference; lastKnownFileType = sourcecode.c.h; path = "MenuTimer-Prefix.pch"; sourceTree = "<group>"; };
		ED908FFF1715537F003804C5 /* en */ = {isa = PBXFileReference; lastKnownFileType = text.rtf; name = en; path = en.lproj/Credits.rtf; sourceTree = "<group>"; };
		ED9090011715537F003804C5 /* MTAppDelegate.h */ = {isa = PBXFileReference; lastKnownFileType = sourcecode.c.h; path = MTAppDelegate.h; sourceTree = "<group>"; };
		ED9090021715537F003804C5 /* MTAppDelegate.m */ = {isa = PBXFileReference; lastKnownFileType = sourcecode.c.objc; path = MTAppDelegate.m; sourceTree = "<group>"; };
		ED9090051715537F003804C5 /* en */ = {isa = PBXFileReference; lastKnownFileType = file.xib; name = en; path = en.lproj/MainMenu.xib; sourceTree = "<group>"; };
		ED9090081715537F003804C5 /* MenuTimer.xcdatamodel */ = {isa = PBXFileReference; lastKnownFileType = wrapper.xcdatamodel; path = MenuTimer.xcdatamodel; sourceTree = "<group>"; };
		ED90901017155576003804C5 /* MTDraggingView.h */ = {isa = PBXFileReference; fileEncoding = 4; lastKnownFileType = sourcecode.c.h; path = MTDraggingView.h; sourceTree = "<group>"; };
		ED90901117155576003804C5 /* MTDraggingView.m */ = {isa = PBXFileReference; fileEncoding = 4; lastKnownFileType = sourcecode.c.objc; path = MTDraggingView.m; sourceTree = "<group>"; };
		ED909013171556F2003804C5 /* QuartzCore.framework */ = {isa = PBXFileReference; lastKnownFileType = wrapper.framework; name = QuartzCore.framework; path = System/Library/Frameworks/QuartzCore.framework; sourceTree = SDKROOT; };
		EDA60ED6172D8619005B949C /* MTTransparentPointingRect.h */ = {isa = PBXFileReference; fileEncoding = 4; lastKnownFileType = sourcecode.c.h; path = MTTransparentPointingRect.h; sourceTree = "<group>"; };
		EDA60ED7172D8619005B949C /* MTTransparentPointingRect.m */ = {isa = PBXFileReference; fileEncoding = 4; lastKnownFileType = sourcecode.c.objc; path = MTTransparentPointingRect.m; sourceTree = "<group>"; };
		EDA60ED9172D8E33005B949C /* MTFloatingWindow.h */ = {isa = PBXFileReference; fileEncoding = 4; lastKnownFileType = sourcecode.c.h; path = MTFloatingWindow.h; sourceTree = "<group>"; };
		EDA60EDA172D8E33005B949C /* MTFloatingWindow.m */ = {isa = PBXFileReference; fileEncoding = 4; lastKnownFileType = sourcecode.c.objc; path = MTFloatingWindow.m; sourceTree = "<group>"; };
		EDA60EDC172D9329005B949C /* MTDefine.h */ = {isa = PBXFileReference; fileEncoding = 4; lastKnownFileType = sourcecode.c.h; path = MTDefine.h; sourceTree = "<group>"; };
		EDA60EDF172DB342005B949C /* NSView+Animation.h */ = {isa = PBXFileReference; fileEncoding = 4; lastKnownFileType = sourcecode.c.h; path = "NSView+Animation.h"; sourceTree = "<group>"; };
		EDA60EE0172DB342005B949C /* NSView+Animation.m */ = {isa = PBXFileReference; fileEncoding = 4; lastKnownFileType = sourcecode.c.objc; path = "NSView+Animation.m"; sourceTree = "<group>"; };
		EDE6D307172D0C4600790EE7 /* NSString+MTTime.h */ = {isa = PBXFileReference; fileEncoding = 4; lastKnownFileType = sourcecode.c.h; path = "NSString+MTTime.h"; sourceTree = "<group>"; };
		EDE6D308172D0C4600790EE7 /* NSString+MTTime.m */ = {isa = PBXFileReference; fileEncoding = 4; lastKnownFileType = sourcecode.c.objc; path = "NSString+MTTime.m"; sourceTree = "<group>"; };
		EDE9745B1715783B00D25AA8 /* MTFloatingWindowController.h */ = {isa = PBXFileReference; fileEncoding = 4; lastKnownFileType = sourcecode.c.h; path = MTFloatingWindowController.h; sourceTree = "<group>"; };
		EDE9745C1715783B00D25AA8 /* MTFloatingWindowController.m */ = {isa = PBXFileReference; fileEncoding = 4; lastKnownFileType = sourcecode.c.objc; path = MTFloatingWindowController.m; sourceTree = "<group>"; };
		EDE9745D1715783B00D25AA8 /* MTFloatingWindowController.xib */ = {isa = PBXFileReference; fileEncoding = 4; lastKnownFileType = file.xib; path = MTFloatingWindowController.xib; sourceTree = "<group>"; };
		FCCD1242B1CA4ADE9445E1E8 /* Pods.xcconfig */ = {isa = PBXFileReference; includeInIndex = 1; lastKnownFileType = text.xcconfig; name = Pods.xcconfig; path = Pods/Pods.xcconfig; sourceTree = SOURCE_ROOT; };
/* End PBXFileReference section */

/* Begin PBXFrameworksBuildPhase section */
		ED908FE91715537F003804C5 /* Frameworks */ = {
			isa = PBXFrameworksBuildPhase;
			buildActionMask = 2147483647;
			files = (
				ED909014171556F2003804C5 /* QuartzCore.framework in Frameworks */,
				ED908FF01715537F003804C5 /* Cocoa.framework in Frameworks */,
				00616E6050E149A3BF0A2E4F /* libPods.a in Frameworks */,
			);
			runOnlyForDeploymentPostprocessing = 0;
		};
/* End PBXFrameworksBuildPhase section */

/* Begin PBXGroup section */
		ED908FE31715537F003804C5 = {
			isa = PBXGroup;
			children = (
				ED908FF51715537F003804C5 /* MenuTimer */,
				ED908FEE1715537F003804C5 /* Frameworks */,
				ED908FED1715537F003804C5 /* Products */,
				FCCD1242B1CA4ADE9445E1E8 /* Pods.xcconfig */,
			);
			sourceTree = "<group>";
		};
		ED908FED1715537F003804C5 /* Products */ = {
			isa = PBXGroup;
			children = (
				ED908FEC1715537F003804C5 /* MenuTimer.app */,
			);
			name = Products;
			sourceTree = "<group>";
		};
		ED908FEE1715537F003804C5 /* Frameworks */ = {
			isa = PBXGroup;
			children = (
				ED908FF11715537F003804C5 /* Other Frameworks */,
				196C3A446E244C7A87984E91 /* libPods.a */,
			);
			name = Frameworks;
			sourceTree = "<group>";
		};
		ED908FF11715537F003804C5 /* Other Frameworks */ = {
			isa = PBXGroup;
			children = (
				ED909013171556F2003804C5 /* QuartzCore.framework */,
				ED908FEF1715537F003804C5 /* Cocoa.framework */,
				ED908FF21715537F003804C5 /* AppKit.framework */,
				ED908FF31715537F003804C5 /* CoreData.framework */,
				ED908FF41715537F003804C5 /* Foundation.framework */,
			);
			name = "Other Frameworks";
			sourceTree = "<group>";
		};
		ED908FF51715537F003804C5 /* MenuTimer */ = {
			isa = PBXGroup;
			children = (
				ED90900F17155562003804C5 /* Ressources */,
				ED9090011715537F003804C5 /* MTAppDelegate.h */,
				ED9090021715537F003804C5 /* MTAppDelegate.m */,
				ED9090041715537F003804C5 /* MainMenu.xib */,
				ED9090071715537F003804C5 /* MenuTimer.xcdatamodeld */,
				ED908FF61715537F003804C5 /* Supporting Files */,
				ED90901017155576003804C5 /* MTDraggingView.h */,
				ED90901117155576003804C5 /* MTDraggingView.m */,
				EDA60ED6172D8619005B949C /* MTTransparentPointingRect.h */,
				EDA60ED7172D8619005B949C /* MTTransparentPointingRect.m */,
				EDE9745B1715783B00D25AA8 /* MTFloatingWindowController.h */,
				EDE9745C1715783B00D25AA8 /* MTFloatingWindowController.m */,
				EDE9745D1715783B00D25AA8 /* MTFloatingWindowController.xib */,
				EDE6D307172D0C4600790EE7 /* NSString+MTTime.h */,
				EDE6D308172D0C4600790EE7 /* NSString+MTTime.m */,
				EDA60ED9172D8E33005B949C /* MTFloatingWindow.h */,
				EDA60EDA172D8E33005B949C /* MTFloatingWindow.m */,
				EDA60EDC172D9329005B949C /* MTDefine.h */,
				EDA60EDF172DB342005B949C /* NSView+Animation.h */,
				EDA60EE0172DB342005B949C /* NSView+Animation.m */,
			);
			path = MenuTimer;
			sourceTree = "<group>";
		};
		ED908FF61715537F003804C5 /* Supporting Files */ = {
			isa = PBXGroup;
			children = (
				ED908FF71715537F003804C5 /* MenuTimer-Info.plist */,
				ED908FF81715537F003804C5 /* InfoPlist.strings */,
				ED908FFB1715537F003804C5 /* main.m */,
				ED908FFD1715537F003804C5 /* MenuTimer-Prefix.pch */,
				ED908FFE1715537F003804C5 /* Credits.rtf */,
			);
			name = "Supporting Files";
			sourceTree = "<group>";
		};
		ED90900F17155562003804C5 /* Ressources */ = {
			isa = PBXGroup;
			children = (
				ED2451D5171F348100965323 /* InstaSound.aif */,
				ED2451D3171F2E2500965323 /* TimerIcon.icns */,
			);
			name = Ressources;
			sourceTree = "<group>";
		};
/* End PBXGroup section */

/* Begin PBXNativeTarget section */
		ED908FEB1715537F003804C5 /* MenuTimer */ = {
			isa = PBXNativeTarget;
			buildConfigurationList = ED90900C1715537F003804C5 /* Build configuration list for PBXNativeTarget "MenuTimer" */;
			buildPhases = (
				ED908FE81715537F003804C5 /* Sources */,
				ED908FE91715537F003804C5 /* Frameworks */,
				ED908FEA1715537F003804C5 /* Resources */,
				247242ADC9554C2CAE2FECE3 /* Copy Pods Resources */,
			);
			buildRules = (
			);
			dependencies = (
			);
			name = MenuTimer;
			productName = MenuTimer;
			productReference = ED908FEC1715537F003804C5 /* MenuTimer.app */;
			productType = "com.apple.product-type.application";
		};
/* End PBXNativeTarget section */

/* Begin PBXProject section */
		ED908FE41715537F003804C5 /* Project object */ = {
			isa = PBXProject;
			attributes = {
				CLASSPREFIX = MT;
				LastUpgradeCheck = 0460;
				ORGANIZATIONNAME = "Markus Teufel";
			};
			buildConfigurationList = ED908FE71715537F003804C5 /* Build configuration list for PBXProject "MenuTimer" */;
			compatibilityVersion = "Xcode 3.2";
			developmentRegion = English;
			hasScannedForEncodings = 0;
			knownRegions = (
				en,
			);
			mainGroup = ED908FE31715537F003804C5;
			productRefGroup = ED908FED1715537F003804C5 /* Products */;
			projectDirPath = "";
			projectRoot = "";
			targets = (
				ED908FEB1715537F003804C5 /* MenuTimer */,
			);
		};
/* End PBXProject section */

/* Begin PBXResourcesBuildPhase section */
		ED908FEA1715537F003804C5 /* Resources */ = {
			isa = PBXResourcesBuildPhase;
			buildActionMask = 2147483647;
			files = (
				ED908FFA1715537F003804C5 /* InfoPlist.strings in Resources */,
				ED9090001715537F003804C5 /* Credits.rtf in Resources */,
				ED9090061715537F003804C5 /* MainMenu.xib in Resources */,
				EDE9745F1715783B00D25AA8 /* MTFloatingWindowController.xib in Resources */,
				ED2451D4171F2E2500965323 /* TimerIcon.icns in Resources */,
				ED2451D6171F348100965323 /* InstaSound.aif in Resources */,
			);
			runOnlyForDeploymentPostprocessing = 0;
		};
/* End PBXResourcesBuildPhase section */

/* Begin PBXShellScriptBuildPhase section */
		247242ADC9554C2CAE2FECE3 /* Copy Pods Resources */ = {
			isa = PBXShellScriptBuildPhase;
			buildActionMask = 2147483647;
			files = (
			);
			inputPaths = (
			);
			name = "Copy Pods Resources";
			outputPaths = (
			);
			runOnlyForDeploymentPostprocessing = 0;
			shellPath = /bin/sh;
			shellScript = "\"${SRCROOT}/Pods/Pods-resources.sh\"\n";
		};
/* End PBXShellScriptBuildPhase section */

/* Begin PBXSourcesBuildPhase section */
		ED908FE81715537F003804C5 /* Sources */ = {
			isa = PBXSourcesBuildPhase;
			buildActionMask = 2147483647;
			files = (
				ED908FFC1715537F003804C5 /* main.m in Sources */,
				ED9090031715537F003804C5 /* MTAppDelegate.m in Sources */,
				ED9090091715537F003804C5 /* MenuTimer.xcdatamodeld in Sources */,
				ED90901217155576003804C5 /* MTDraggingView.m in Sources */,
				EDE9745E1715783B00D25AA8 /* MTFloatingWindowController.m in Sources */,
				EDE6D309172D0C4600790EE7 /* NSString+MTTime.m in Sources */,
				EDA60ED8172D8619005B949C /* MTTransparentPointingRect.m in Sources */,
				EDA60EDB172D8E33005B949C /* MTFloatingWindow.m in Sources */,
				EDA60EE1172DB342005B949C /* NSView+Animation.m in Sources */,
			);
			runOnlyForDeploymentPostprocessing = 0;
		};
/* End PBXSourcesBuildPhase section */

/* Begin PBXVariantGroup section */
		ED908FF81715537F003804C5 /* InfoPlist.strings */ = {
			isa = PBXVariantGroup;
			children = (
				ED908FF91715537F003804C5 /* en */,
			);
			name = InfoPlist.strings;
			sourceTree = "<group>";
		};
		ED908FFE1715537F003804C5 /* Credits.rtf */ = {
			isa = PBXVariantGroup;
			children = (
				ED908FFF1715537F003804C5 /* en */,
			);
			name = Credits.rtf;
			sourceTree = "<group>";
		};
		ED9090041715537F003804C5 /* MainMenu.xib */ = {
			isa = PBXVariantGroup;
			children = (
				ED9090051715537F003804C5 /* en */,
			);
			name = MainMenu.xib;
			sourceTree = "<group>";
		};
/* End PBXVariantGroup section */

/* Begin XCBuildConfiguration section */
		ED90900A1715537F003804C5 /* Debug */ = {
			isa = XCBuildConfiguration;
			buildSettings = {
				ALWAYS_SEARCH_USER_PATHS = NO;
				ARCHS = "$(ARCHS_STANDARD_64_BIT)";
				CLANG_CXX_LANGUAGE_STANDARD = "gnu++0x";
				CLANG_CXX_LIBRARY = "libc++";
				CLANG_ENABLE_OBJC_ARC = YES;
				CLANG_WARN_CONSTANT_CONVERSION = YES;
				CLANG_WARN_EMPTY_BODY = YES;
				CLANG_WARN_ENUM_CONVERSION = YES;
				CLANG_WARN_INT_CONVERSION = YES;
				CLANG_WARN__DUPLICATE_METHOD_MATCH = YES;
				CODE_SIGN_IDENTITY = "";
				COPY_PHASE_STRIP = NO;
				GCC_C_LANGUAGE_STANDARD = gnu99;
				GCC_DYNAMIC_NO_PIC = NO;
				GCC_ENABLE_OBJC_EXCEPTIONS = YES;
				GCC_OPTIMIZATION_LEVEL = 0;
				GCC_PREPROCESSOR_DEFINITIONS = (
					"DEBUG=1",
					"$(inherited)",
				);
				GCC_SYMBOLS_PRIVATE_EXTERN = NO;
				GCC_WARN_64_TO_32_BIT_CONVERSION = YES;
				GCC_WARN_ABOUT_RETURN_TYPE = YES;
				GCC_WARN_UNINITIALIZED_AUTOS = YES;
				GCC_WARN_UNUSED_VARIABLE = YES;
				MACOSX_DEPLOYMENT_TARGET = 10.8;
				ONLY_ACTIVE_ARCH = YES;
				SDKROOT = macosx;
			};
			name = Debug;
		};
		ED90900B1715537F003804C5 /* Release */ = {
			isa = XCBuildConfiguration;
			buildSettings = {
				ALWAYS_SEARCH_USER_PATHS = NO;
				ARCHS = "$(ARCHS_STANDARD_64_BIT)";
				CLANG_CXX_LANGUAGE_STANDARD = "gnu++0x";
				CLANG_CXX_LIBRARY = "libc++";
				CLANG_ENABLE_OBJC_ARC = YES;
				CLANG_WARN_CONSTANT_CONVERSION = YES;
				CLANG_WARN_EMPTY_BODY = YES;
				CLANG_WARN_ENUM_CONVERSION = YES;
				CLANG_WARN_INT_CONVERSION = YES;
				CLANG_WARN__DUPLICATE_METHOD_MATCH = YES;
				CODE_SIGN_IDENTITY = "";
				COPY_PHASE_STRIP = YES;
				DEBUG_INFORMATION_FORMAT = "dwarf-with-dsym";
				GCC_C_LANGUAGE_STANDARD = gnu99;
				GCC_ENABLE_OBJC_EXCEPTIONS = YES;
				GCC_WARN_64_TO_32_BIT_CONVERSION = YES;
				GCC_WARN_ABOUT_RETURN_TYPE = YES;
				GCC_WARN_UNINITIALIZED_AUTOS = YES;
				GCC_WARN_UNUSED_VARIABLE = YES;
				MACOSX_DEPLOYMENT_TARGET = 10.8;
				SDKROOT = macosx;
			};
			name = Release;
		};
		ED90900D1715537F003804C5 /* Debug */ = {
			isa = XCBuildConfiguration;
			baseConfigurationReference = FCCD1242B1CA4ADE9445E1E8 /* Pods.xcconfig */;
			buildSettings = {
				CODE_SIGN_IDENTITY = "";
				COMBINE_HIDPI_IMAGES = YES;
				GCC_PRECOMPILE_PREFIX_HEADER = YES;
				GCC_PREFIX_HEADER = "MenuTimer/MenuTimer-Prefix.pch";
				INFOPLIST_FILE = "MenuTimer/MenuTimer-Info.plist";
				PRODUCT_NAME = "$(TARGET_NAME)";
				WRAPPER_EXTENSION = app;
			};
			name = Debug;
		};
		ED90900E1715537F003804C5 /* Release */ = {
			isa = XCBuildConfiguration;
			baseConfigurationReference = FCCD1242B1CA4ADE9445E1E8 /* Pods.xcconfig */;
			buildSettings = {
				CODE_SIGN_IDENTITY = "";
				COMBINE_HIDPI_IMAGES = YES;
				GCC_PRECOMPILE_PREFIX_HEADER = YES;
				GCC_PREFIX_HEADER = "MenuTimer/MenuTimer-Prefix.pch";
				INFOPLIST_FILE = "MenuTimer/MenuTimer-Info.plist";
				PRODUCT_NAME = "$(TARGET_NAME)";
				WRAPPER_EXTENSION = app;
			};
			name = Release;
		};
/* End XCBuildConfiguration section */

/* Begin XCConfigurationList section */
		ED908FE71715537F003804C5 /* Build configuration list for PBXProject "MenuTimer" */ = {
			isa = XCConfigurationList;
			buildConfigurations = (
				ED90900A1715537F003804C5 /* Debug */,
				ED90900B1715537F003804C5 /* Release */,
			);
			defaultConfigurationIsVisible = 0;
			defaultConfigurationName = Release;
		};
		ED90900C1715537F003804C5 /* Build configuration list for PBXNativeTarget "MenuTimer" */ = {
			isa = XCConfigurationList;
			buildConfigurations = (
				ED90900D1715537F003804C5 /* Debug */,
				ED90900E1715537F003804C5 /* Release */,
			);
			defaultConfigurationIsVisible = 0;
			defaultConfigurationName = Release;
		};
/* End XCConfigurationList section */

/* Begin XCVersionGroup section */
		ED9090071715537F003804C5 /* MenuTimer.xcdatamodeld */ = {
			isa = XCVersionGroup;
			children = (
				ED9090081715537F003804C5 /* MenuTimer.xcdatamodel */,
			);
			currentVersion = ED9090081715537F003804C5 /* MenuTimer.xcdatamodel */;
			path = MenuTimer.xcdatamodeld;
			sourceTree = "<group>";
			versionGroupType = wrapper.xcdatamodel;
		};
/* End XCVersionGroup section */
	};
	rootObject = ED908FE41715537F003804C5 /* Project object */;
}
